
Microsoft Visual Studio Solution File, Format Version 12.00
# Visual Studio Version 17
VisualStudioVersion = 17.12.35506.116
MinimumVisualStudioVersion = 10.0.40219.1
Project("{FAE04EC0-301F-11D3-BF4B-00C04F79EFBC}") = "SidebarDesign", "SidebarDesign\SidebarDesign.csproj", "{B0A2D2CD-3781-406A-83C6-1040C57136F1}"
EndProject
Global
	GlobalSection(SolutionConfigurationPlatforms) = preSolution
		Debug|Any CPU = Debug|Any CPU
		PROD_ENV|Any CPU = PROD_ENV|Any CPU
		Release|Any CPU = Release|Any CPU
		TEST_ENV|Any CPU = TEST_ENV|Any CPU
	EndGlobalSection
	GlobalSection(ProjectConfigurationPlatforms) = postSolution
		{B0A2D2CD-3781-406A-83C6-1040C57136F1}.Debug|Any CPU.ActiveCfg = Debug|Any CPU
		{B0A2D2CD-3781-406A-83C6-1040C57136F1}.Debug|Any CPU.Build.0 = Debug|Any CPU
		{B0A2D2CD-3781-406A-83C6-1040C57136F1}.PROD_ENV|Any CPU.ActiveCfg = Debug|Any CPU
		{B0A2D2CD-3781-406A-83C6-1040C57136F1}.PROD_ENV|Any CPU.Build.0 = Debug|Any CPU
		{B0A2D2CD-3781-406A-83C6-1040C57136F1}.Release|Any CPU.ActiveCfg = Release|Any CPU
		{B0A2D2CD-3781-406A-83C6-1040C57136F1}.Release|Any CPU.Build.0 = Release|Any CPU
		{B0A2D2CD-3781-406A-83C6-1040C57136F1}.TEST_ENV|Any CPU.ActiveCfg = Debug|Any CPU
		{B0A2D2CD-3781-406A-83C6-1040C57136F1}.TEST_ENV|Any CPU.Build.0 = Debug|Any CPU
	EndGlobalSection
	GlobalSection(SolutionProperties) = preSolution
		HideSolutionNode = FALSE
	EndGlobalSection
EndGlobal
